
Microsoft Visual Studio Solution File, Format Version 12.00
# Visual Studio Version 17
VisualStudioVersion = 17.9.34723.18
MinimumVisualStudioVersion = 10.0.40219.1
Project("{FAE04EC0-301F-11D3-BF4B-00C04F79EFBC}") = "InvoiceApp.Web", "InvoiceApp.Web\InvoiceApp.Web.csproj", "{93711332-C339-408F-A09B-9502E1D562C7}"
EndProject
Project("{2150E333-8FDC-42A3-9474-1A3956D46DE8}") = "Src", "Src", "{D35373BB-9A97-46C5-B011-C8CB30D60C4A}"
EndProject
Project("{2150E333-8FDC-42A3-9474-1A3956D46DE8}") = "Web", "Web", "{600BA2C1-A105-47B3-BFA7-0918E6C0246E}"
EndProject
Project("{2150E333-8FDC-42A3-9474-1A3956D46DE8}") = "API", "API", "{B7A95D59-4C55-4BE7-9D41-CAF89E085B1E}"
EndProject
Project("{2150E333-8FDC-42A3-9474-1A3956D46DE8}") = "Core", "Core", "{3DFD5949-A575-435A-A037-B548BFF62924}"
EndProject
Project("{2150E333-8FDC-42A3-9474-1A3956D46DE8}") = "Infrastructure", "Infrastructure", "{75D93EF9-4436-4115-9868-DAA1A9201137}"
EndProject
Project("{FAE04EC0-301F-11D3-BF4B-00C04F79EFBC}") = "InvoiceApp.Core", "InvoiceApp.Core\InvoiceApp.Core.csproj", "{F09E95DA-C62D-4210-9928-8A414F870CD8}"
EndProject
Project("{FAE04EC0-301F-11D3-BF4B-00C04F79EFBC}") = "InvoiceApp.Infrastructure", "InvoiceApp.Infrastructure\InvoiceApp.Infrastructure.csproj", "{58BE9A2E-1AEC-4E60-B534-FFEE56A8796C}"
EndProject
Project("{FAE04EC0-301F-11D3-BF4B-00C04F79EFBC}") = "InvoiceApp.API", "InvoiceApp.API\InvoiceApp.API.csproj", "{EFF06D90-77B3-4F49-ADBE-BE1A063F1FAE}"
EndProject
Global
	GlobalSection(SolutionConfigurationPlatforms) = preSolution
		Debug|Any CPU = Debug|Any CPU
		Release|Any CPU = Release|Any CPU
	EndGlobalSection
	GlobalSection(ProjectConfigurationPlatforms) = postSolution
		{93711332-C339-408F-A09B-9502E1D562C7}.Debug|Any CPU.ActiveCfg = Debug|Any CPU
		{93711332-C339-408F-A09B-9502E1D562C7}.Debug|Any CPU.Build.0 = Debug|Any CPU
		{93711332-C339-408F-A09B-9502E1D562C7}.Release|Any CPU.ActiveCfg = Release|Any CPU
		{93711332-C339-408F-A09B-9502E1D562C7}.Release|Any CPU.Build.0 = Release|Any CPU
		{F09E95DA-C62D-4210-9928-8A414F870CD8}.Debug|Any CPU.ActiveCfg = Debug|Any CPU
		{F09E95DA-C62D-4210-9928-8A414F870CD8}.Debug|Any CPU.Build.0 = Debug|Any CPU
		{F09E95DA-C62D-4210-9928-8A414F870CD8}.Release|Any CPU.ActiveCfg = Release|Any CPU
		{F09E95DA-C62D-4210-9928-8A414F870CD8}.Release|Any CPU.Build.0 = Release|Any CPU
		{58BE9A2E-1AEC-4E60-B534-FFEE56A8796C}.Debug|Any CPU.ActiveCfg = Debug|Any CPU
		{58BE9A2E-1AEC-4E60-B534-FFEE56A8796C}.Debug|Any CPU.Build.0 = Debug|Any CPU
		{58BE9A2E-1AEC-4E60-B534-FFEE56A8796C}.Release|Any CPU.ActiveCfg = Release|Any CPU
		{58BE9A2E-1AEC-4E60-B534-FFEE56A8796C}.Release|Any CPU.Build.0 = Release|Any CPU
		{EFF06D90-77B3-4F49-ADBE-BE1A063F1FAE}.Debug|Any CPU.ActiveCfg = Debug|Any CPU
		{EFF06D90-77B3-4F49-ADBE-BE1A063F1FAE}.Debug|Any CPU.Build.0 = Debug|Any CPU
		{EFF06D90-77B3-4F49-ADBE-BE1A063F1FAE}.Release|Any CPU.ActiveCfg = Release|Any CPU
		{EFF06D90-77B3-4F49-ADBE-BE1A063F1FAE}.Release|Any CPU.Build.0 = Release|Any CPU
	EndGlobalSection
	GlobalSection(SolutionProperties) = preSolution
		HideSolutionNode = FALSE
	EndGlobalSection
	GlobalSection(NestedProjects) = preSolution
		{93711332-C339-408F-A09B-9502E1D562C7} = {600BA2C1-A105-47B3-BFA7-0918E6C0246E}
		{600BA2C1-A105-47B3-BFA7-0918E6C0246E} = {D35373BB-9A97-46C5-B011-C8CB30D60C4A}
		{B7A95D59-4C55-4BE7-9D41-CAF89E085B1E} = {D35373BB-9A97-46C5-B011-C8CB30D60C4A}
		{3DFD5949-A575-435A-A037-B548BFF62924} = {D35373BB-9A97-46C5-B011-C8CB30D60C4A}
		{75D93EF9-4436-4115-9868-DAA1A9201137} = {D35373BB-9A97-46C5-B011-C8CB30D60C4A}
		{F09E95DA-C62D-4210-9928-8A414F870CD8} = {3DFD5949-A575-435A-A037-B548BFF62924}
		{58BE9A2E-1AEC-4E60-B534-FFEE56A8796C} = {75D93EF9-4436-4115-9868-DAA1A9201137}
		{EFF06D90-77B3-4F49-ADBE-BE1A063F1FAE} = {B7A95D59-4C55-4BE7-9D41-CAF89E085B1E}
	EndGlobalSection
	GlobalSection(ExtensibilityGlobals) = postSolution
		SolutionGuid = {9EAA61BA-9675-4AFA-913D-FEF740064B14}
	EndGlobalSection
EndGlobal
